
Microsoft Visual Studio Solution File, Format Version 12.00
# Visual Studio 14
VisualStudioVersion = 14.0.25420.1
MinimumVisualStudioVersion = 10.0.40219.1
Project("{FAE04EC0-301F-11D3-BF4B-00C04F79EFBC}") = "face_pi_notification_app", "face-pi-notification-app\face_pi_notification_app\face_pi_notification_app.csproj", "{FC749A6A-D018-4C90-A21A-BD5C440EEE98}"
EndProject
Project("{FAE04EC0-301F-11D3-BF4B-00C04F79EFBC}") = "face_pi_notification_app.Droid", "face-pi-notification-app\face_pi_notification_app.Droid\face_pi_notification_app.Droid.csproj", "{626FAF0B-F3D2-4019-9A18-8AED3C60D940}"
EndProject
Project("{FAE04EC0-301F-11D3-BF4B-00C04F79EFBC}") = "face_pi_notification_app.iOS", "face-pi-notification-app\face_pi_notification_app.iOS\face_pi_notification_app.iOS.csproj", "{CBD22DFB-291A-4C94-AED3-F0E1CCE4DE6E}"
EndProject
Project("{FAE04EC0-301F-11D3-BF4B-00C04F79EFBC}") = "face_pi_notification_app.WinPhone", "face-pi-notification-app\face_pi_notification_app.WinPhone\face_pi_notification_app.WinPhone.csproj", "{4CE3E410-F24E-4AE9-9F18-E3E5C409F866}"
EndProject
Project("{FAE04EC0-301F-11D3-BF4B-00C04F79EFBC}") = "face_pi_notification_app.UWP", "face-pi-notification-app\face_pi_notification_app.UWP\face_pi_notification_app.UWP.csproj", "{C9848FAE-EF6C-491C-BAB4-BF8861688DBE}"
EndProject
Project("{FAE04EC0-301F-11D3-BF4B-00C04F79EFBC}") = "face_pi_notification_app.Windows", "face-pi-notification-app\face_pi_notification_app.Windows\face_pi_notification_app.Windows.csproj", "{34AA6652-BFC7-4C0F-81D3-BA46A0E12343}"
EndProject
Global
	GlobalSection(SolutionConfigurationPlatforms) = preSolution
		Ad-Hoc|Any CPU = Ad-Hoc|Any CPU
		Ad-Hoc|ARM = Ad-Hoc|ARM
		Ad-Hoc|iPhone = Ad-Hoc|iPhone
		Ad-Hoc|iPhoneSimulator = Ad-Hoc|iPhoneSimulator
		Ad-Hoc|x64 = Ad-Hoc|x64
		Ad-Hoc|x86 = Ad-Hoc|x86
		AppStore|Any CPU = AppStore|Any CPU
		AppStore|ARM = AppStore|ARM
		AppStore|iPhone = AppStore|iPhone
		AppStore|iPhoneSimulator = AppStore|iPhoneSimulator
		AppStore|x64 = AppStore|x64
		AppStore|x86 = AppStore|x86
		Debug|Any CPU = Debug|Any CPU
		Debug|ARM = Debug|ARM
		Debug|iPhone = Debug|iPhone
		Debug|iPhoneSimulator = Debug|iPhoneSimulator
		Debug|x64 = Debug|x64
		Debug|x86 = Debug|x86
		Release|Any CPU = Release|Any CPU
		Release|ARM = Release|ARM
		Release|iPhone = Release|iPhone
		Release|iPhoneSimulator = Release|iPhoneSimulator
		Release|x64 = Release|x64
		Release|x86 = Release|x86
	EndGlobalSection
	GlobalSection(ProjectConfigurationPlatforms) = postSolution
		{FC749A6A-D018-4C90-A21A-BD5C440EEE98}.Ad-Hoc|Any CPU.ActiveCfg = Release|Any CPU
		{FC749A6A-D018-4C90-A21A-BD5C440EEE98}.Ad-Hoc|Any CPU.Build.0 = Release|Any CPU
		{FC749A6A-D018-4C90-A21A-BD5C440EEE98}.Ad-Hoc|ARM.ActiveCfg = Release|Any CPU
		{FC749A6A-D018-4C90-A21A-BD5C440EEE98}.Ad-Hoc|ARM.Build.0 = Release|Any CPU
		{FC749A6A-D018-4C90-A21A-BD5C440EEE98}.Ad-Hoc|iPhone.ActiveCfg = Release|Any CPU
		{FC749A6A-D018-4C90-A21A-BD5C440EEE98}.Ad-Hoc|iPhone.Build.0 = Release|Any CPU
		{FC749A6A-D018-4C90-A21A-BD5C440EEE98}.Ad-Hoc|iPhoneSimulator.ActiveCfg = Release|Any CPU
		{FC749A6A-D018-4C90-A21A-BD5C440EEE98}.Ad-Hoc|iPhoneSimulator.Build.0 = Release|Any CPU
		{FC749A6A-D018-4C90-A21A-BD5C440EEE98}.Ad-Hoc|x64.ActiveCfg = Release|Any CPU
		{FC749A6A-D018-4C90-A21A-BD5C440EEE98}.Ad-Hoc|x64.Build.0 = Release|Any CPU
		{FC749A6A-D018-4C90-A21A-BD5C440EEE98}.Ad-Hoc|x86.ActiveCfg = Release|Any CPU
		{FC749A6A-D018-4C90-A21A-BD5C440EEE98}.Ad-Hoc|x86.Build.0 = Release|Any CPU
		{FC749A6A-D018-4C90-A21A-BD5C440EEE98}.AppStore|Any CPU.ActiveCfg = Release|Any CPU
		{FC749A6A-D018-4C90-A21A-BD5C440EEE98}.AppStore|Any CPU.Build.0 = Release|Any CPU
		{FC749A6A-D018-4C90-A21A-BD5C440EEE98}.AppStore|ARM.ActiveCfg = Release|Any CPU
		{FC749A6A-D018-4C90-A21A-BD5C440EEE98}.AppStore|ARM.Build.0 = Release|Any CPU
		{FC749A6A-D018-4C90-A21A-BD5C440EEE98}.AppStore|iPhone.ActiveCfg = Release|Any CPU
		{FC749A6A-D018-4C90-A21A-BD5C440EEE98}.AppStore|iPhone.Build.0 = Release|Any CPU
		{FC749A6A-D018-4C90-A21A-BD5C440EEE98}.AppStore|iPhoneSimulator.ActiveCfg = Release|Any CPU
		{FC749A6A-D018-4C90-A21A-BD5C440EEE98}.AppStore|iPhoneSimulator.Build.0 = Release|Any CPU
		{FC749A6A-D018-4C90-A21A-BD5C440EEE98}.AppStore|x64.ActiveCfg = Release|Any CPU
		{FC749A6A-D018-4C90-A21A-BD5C440EEE98}.AppStore|x64.Build.0 = Release|Any CPU
		{FC749A6A-D018-4C90-A21A-BD5C440EEE98}.AppStore|x86.ActiveCfg = Release|Any CPU
		{FC749A6A-D018-4C90-A21A-BD5C440EEE98}.AppStore|x86.Build.0 = Release|Any CPU
		{FC749A6A-D018-4C90-A21A-BD5C440EEE98}.Debug|Any CPU.ActiveCfg = Debug|Any CPU
		{FC749A6A-D018-4C90-A21A-BD5C440EEE98}.Debug|Any CPU.Build.0 = Debug|Any CPU
		{FC749A6A-D018-4C90-A21A-BD5C440EEE98}.Debug|ARM.ActiveCfg = Debug|Any CPU
		{FC749A6A-D018-4C90-A21A-BD5C440EEE98}.Debug|ARM.Build.0 = Debug|Any CPU
		{FC749A6A-D018-4C90-A21A-BD5C440EEE98}.Debug|iPhone.ActiveCfg = Debug|Any CPU
		{FC749A6A-D018-4C90-A21A-BD5C440EEE98}.Debug|iPhone.Build.0 = Debug|Any CPU
		{FC749A6A-D018-4C90-A21A-BD5C440EEE98}.Debug|iPhoneSimulator.ActiveCfg = Debug|Any CPU
		{FC749A6A-D018-4C90-A21A-BD5C440EEE98}.Debug|iPhoneSimulator.Build.0 = Debug|Any CPU
		{FC749A6A-D018-4C90-A21A-BD5C440EEE98}.Debug|x64.ActiveCfg = Debug|Any CPU
		{FC749A6A-D018-4C90-A21A-BD5C440EEE98}.Debug|x64.Build.0 = Debug|Any CPU
		{FC749A6A-D018-4C90-A21A-BD5C440EEE98}.Debug|x86.ActiveCfg = Debug|Any CPU
		{FC749A6A-D018-4C90-A21A-BD5C440EEE98}.Debug|x86.Build.0 = Debug|Any CPU
		{FC749A6A-D018-4C90-A21A-BD5C440EEE98}.Release|Any CPU.ActiveCfg = Release|Any CPU
		{FC749A6A-D018-4C90-A21A-BD5C440EEE98}.Release|Any CPU.Build.0 = Release|Any CPU
		{FC749A6A-D018-4C90-A21A-BD5C440EEE98}.Release|ARM.ActiveCfg = Release|Any CPU
		{FC749A6A-D018-4C90-A21A-BD5C440EEE98}.Release|ARM.Build.0 = Release|Any CPU
		{FC749A6A-D018-4C90-A21A-BD5C440EEE98}.Release|iPhone.ActiveCfg = Release|Any CPU
		{FC749A6A-D018-4C90-A21A-BD5C440EEE98}.Release|iPhone.Build.0 = Release|Any CPU
		{FC749A6A-D018-4C90-A21A-BD5C440EEE98}.Release|iPhoneSimulator.ActiveCfg = Release|Any CPU
		{FC749A6A-D018-4C90-A21A-BD5C440EEE98}.Release|iPhoneSimulator.Build.0 = Release|Any CPU
		{FC749A6A-D018-4C90-A21A-BD5C440EEE98}.Release|x64.ActiveCfg = Release|Any CPU
		{FC749A6A-D018-4C90-A21A-BD5C440EEE98}.Release|x64.Build.0 = Release|Any CPU
		{FC749A6A-D018-4C90-A21A-BD5C440EEE98}.Release|x86.ActiveCfg = Release|Any CPU
		{FC749A6A-D018-4C90-A21A-BD5C440EEE98}.Release|x86.Build.0 = Release|Any CPU
		{626FAF0B-F3D2-4019-9A18-8AED3C60D940}.Ad-Hoc|Any CPU.ActiveCfg = Release|Any CPU
		{626FAF0B-F3D2-4019-9A18-8AED3C60D940}.Ad-Hoc|Any CPU.Build.0 = Release|Any CPU
		{626FAF0B-F3D2-4019-9A18-8AED3C60D940}.Ad-Hoc|Any CPU.Deploy.0 = Release|Any CPU
		{626FAF0B-F3D2-4019-9A18-8AED3C60D940}.Ad-Hoc|ARM.ActiveCfg = Release|Any CPU
		{626FAF0B-F3D2-4019-9A18-8AED3C60D940}.Ad-Hoc|ARM.Build.0 = Release|Any CPU
		{626FAF0B-F3D2-4019-9A18-8AED3C60D940}.Ad-Hoc|ARM.Deploy.0 = Release|Any CPU
		{626FAF0B-F3D2-4019-9A18-8AED3C60D940}.Ad-Hoc|iPhone.ActiveCfg = Release|Any CPU
		{626FAF0B-F3D2-4019-9A18-8AED3C60D940}.Ad-Hoc|iPhone.Build.0 = Release|Any CPU
		{626FAF0B-F3D2-4019-9A18-8AED3C60D940}.Ad-Hoc|iPhone.Deploy.0 = Release|Any CPU
		{626FAF0B-F3D2-4019-9A18-8AED3C60D940}.Ad-Hoc|iPhoneSimulator.ActiveCfg = Release|Any CPU
		{626FAF0B-F3D2-4019-9A18-8AED3C60D940}.Ad-Hoc|iPhoneSimulator.Build.0 = Release|Any CPU
		{626FAF0B-F3D2-4019-9A18-8AED3C60D940}.Ad-Hoc|iPhoneSimulator.Deploy.0 = Release|Any CPU
		{626FAF0B-F3D2-4019-9A18-8AED3C60D940}.Ad-Hoc|x64.ActiveCfg = Release|Any CPU
		{626FAF0B-F3D2-4019-9A18-8AED3C60D940}.Ad-Hoc|x64.Build.0 = Release|Any CPU
		{626FAF0B-F3D2-4019-9A18-8AED3C60D940}.Ad-Hoc|x64.Deploy.0 = Release|Any CPU
		{626FAF0B-F3D2-4019-9A18-8AED3C60D940}.Ad-Hoc|x86.ActiveCfg = Release|Any CPU
		{626FAF0B-F3D2-4019-9A18-8AED3C60D940}.Ad-Hoc|x86.Build.0 = Release|Any CPU
		{626FAF0B-F3D2-4019-9A18-8AED3C60D940}.Ad-Hoc|x86.Deploy.0 = Release|Any CPU
		{626FAF0B-F3D2-4019-9A18-8AED3C60D940}.AppStore|Any CPU.ActiveCfg = Release|Any CPU
		{626FAF0B-F3D2-4019-9A18-8AED3C60D940}.AppStore|Any CPU.Build.0 = Release|Any CPU
		{626FAF0B-F3D2-4019-9A18-8AED3C60D940}.AppStore|Any CPU.Deploy.0 = Release|Any CPU
		{626FAF0B-F3D2-4019-9A18-8AED3C60D940}.AppStore|ARM.ActiveCfg = Release|Any CPU
		{626FAF0B-F3D2-4019-9A18-8AED3C60D940}.AppStore|ARM.Build.0 = Release|Any CPU
		{626FAF0B-F3D2-4019-9A18-8AED3C60D940}.AppStore|ARM.Deploy.0 = Release|Any CPU
		{626FAF0B-F3D2-4019-9A18-8AED3C60D940}.AppStore|iPhone.ActiveCfg = Release|Any CPU
		{626FAF0B-F3D2-4019-9A18-8AED3C60D940}.AppStore|iPhone.Build.0 = Release|Any CPU
		{626FAF0B-F3D2-4019-9A18-8AED3C60D940}.AppStore|iPhone.Deploy.0 = Release|Any CPU
		{626FAF0B-F3D2-4019-9A18-8AED3C60D940}.AppStore|iPhoneSimulator.ActiveCfg = Release|Any CPU
		{626FAF0B-F3D2-4019-9A18-8AED3C60D940}.AppStore|iPhoneSimulator.Build.0 = Release|Any CPU
		{626FAF0B-F3D2-4019-9A18-8AED3C60D940}.AppStore|iPhoneSimulator.Deploy.0 = Release|Any CPU
		{626FAF0B-F3D2-4019-9A18-8AED3C60D940}.AppStore|x64.ActiveCfg = Release|Any CPU
		{626FAF0B-F3D2-4019-9A18-8AED3C60D940}.AppStore|x64.Build.0 = Release|Any CPU
		{626FAF0B-F3D2-4019-9A18-8AED3C60D940}.AppStore|x64.Deploy.0 = Release|Any CPU
		{626FAF0B-F3D2-4019-9A18-8AED3C60D940}.AppStore|x86.ActiveCfg = Release|Any CPU
		{626FAF0B-F3D2-4019-9A18-8AED3C60D940}.AppStore|x86.Build.0 = Release|Any CPU
		{626FAF0B-F3D2-4019-9A18-8AED3C60D940}.AppStore|x86.Deploy.0 = Release|Any CPU
		{626FAF0B-F3D2-4019-9A18-8AED3C60D940}.Debug|Any CPU.ActiveCfg = Debug|Any CPU
		{626FAF0B-F3D2-4019-9A18-8AED3C60D940}.Debug|Any CPU.Build.0 = Debug|Any CPU
		{626FAF0B-F3D2-4019-9A18-8AED3C60D940}.Debug|Any CPU.Deploy.0 = Debug|Any CPU
		{626FAF0B-F3D2-4019-9A18-8AED3C60D940}.Debug|ARM.ActiveCfg = Debug|Any CPU
		{626FAF0B-F3D2-4019-9A18-8AED3C60D940}.Debug|ARM.Build.0 = Debug|Any CPU
		{626FAF0B-F3D2-4019-9A18-8AED3C60D940}.Debug|ARM.Deploy.0 = Debug|Any CPU
		{626FAF0B-F3D2-4019-9A18-8AED3C60D940}.Debug|iPhone.ActiveCfg = Debug|Any CPU
		{626FAF0B-F3D2-4019-9A18-8AED3C60D940}.Debug|iPhone.Build.0 = Debug|Any CPU
		{626FAF0B-F3D2-4019-9A18-8AED3C60D940}.Debug|iPhone.Deploy.0 = Debug|Any CPU
		{626FAF0B-F3D2-4019-9A18-8AED3C60D940}.Debug|iPhoneSimulator.ActiveCfg = Debug|Any CPU
		{626FAF0B-F3D2-4019-9A18-8AED3C60D940}.Debug|iPhoneSimulator.Build.0 = Debug|Any CPU
		{626FAF0B-F3D2-4019-9A18-8AED3C60D940}.Debug|iPhoneSimulator.Deploy.0 = Debug|Any CPU
		{626FAF0B-F3D2-4019-9A18-8AED3C60D940}.Debug|x64.ActiveCfg = Debug|Any CPU
		{626FAF0B-F3D2-4019-9A18-8AED3C60D940}.Debug|x64.Build.0 = Debug|Any CPU
		{626FAF0B-F3D2-4019-9A18-8AED3C60D940}.Debug|x64.Deploy.0 = Debug|Any CPU
		{626FAF0B-F3D2-4019-9A18-8AED3C60D940}.Debug|x86.ActiveCfg = Debug|Any CPU
		{626FAF0B-F3D2-4019-9A18-8AED3C60D940}.Debug|x86.Build.0 = Debug|Any CPU
		{626FAF0B-F3D2-4019-9A18-8AED3C60D940}.Debug|x86.Deploy.0 = Debug|Any CPU
		{626FAF0B-F3D2-4019-9A18-8AED3C60D940}.Release|Any CPU.ActiveCfg = Release|Any CPU
		{626FAF0B-F3D2-4019-9A18-8AED3C60D940}.Release|Any CPU.Build.0 = Release|Any CPU
		{626FAF0B-F3D2-4019-9A18-8AED3C60D940}.Release|Any CPU.Deploy.0 = Release|Any CPU
		{626FAF0B-F3D2-4019-9A18-8AED3C60D940}.Release|ARM.ActiveCfg = Release|Any CPU
		{626FAF0B-F3D2-4019-9A18-8AED3C60D940}.Release|ARM.Build.0 = Release|Any CPU
		{626FAF0B-F3D2-4019-9A18-8AED3C60D940}.Release|ARM.Deploy.0 = Release|Any CPU
		{626FAF0B-F3D2-4019-9A18-8AED3C60D940}.Release|iPhone.ActiveCfg = Release|Any CPU
		{626FAF0B-F3D2-4019-9A18-8AED3C60D940}.Release|iPhone.Build.0 = Release|Any CPU
		{626FAF0B-F3D2-4019-9A18-8AED3C60D940}.Release|iPhone.Deploy.0 = Release|Any CPU
		{626FAF0B-F3D2-4019-9A18-8AED3C60D940}.Release|iPhoneSimulator.ActiveCfg = Release|Any CPU
		{626FAF0B-F3D2-4019-9A18-8AED3C60D940}.Release|iPhoneSimulator.Build.0 = Release|Any CPU
		{626FAF0B-F3D2-4019-9A18-8AED3C60D940}.Release|iPhoneSimulator.Deploy.0 = Release|Any CPU
		{626FAF0B-F3D2-4019-9A18-8AED3C60D940}.Release|x64.ActiveCfg = Release|Any CPU
		{626FAF0B-F3D2-4019-9A18-8AED3C60D940}.Release|x64.Build.0 = Release|Any CPU
		{626FAF0B-F3D2-4019-9A18-8AED3C60D940}.Release|x64.Deploy.0 = Release|Any CPU
		{626FAF0B-F3D2-4019-9A18-8AED3C60D940}.Release|x86.ActiveCfg = Release|Any CPU
		{626FAF0B-F3D2-4019-9A18-8AED3C60D940}.Release|x86.Build.0 = Release|Any CPU
		{626FAF0B-F3D2-4019-9A18-8AED3C60D940}.Release|x86.Deploy.0 = Release|Any CPU
		{CBD22DFB-291A-4C94-AED3-F0E1CCE4DE6E}.Ad-Hoc|Any CPU.ActiveCfg = Ad-Hoc|iPhone
		{CBD22DFB-291A-4C94-AED3-F0E1CCE4DE6E}.Ad-Hoc|ARM.ActiveCfg = Ad-Hoc|iPhone
		{CBD22DFB-291A-4C94-AED3-F0E1CCE4DE6E}.Ad-Hoc|iPhone.ActiveCfg = Ad-Hoc|iPhone
		{CBD22DFB-291A-4C94-AED3-F0E1CCE4DE6E}.Ad-Hoc|iPhone.Build.0 = Ad-Hoc|iPhone
		{CBD22DFB-291A-4C94-AED3-F0E1CCE4DE6E}.Ad-Hoc|iPhoneSimulator.ActiveCfg = Ad-Hoc|iPhoneSimulator
		{CBD22DFB-291A-4C94-AED3-F0E1CCE4DE6E}.Ad-Hoc|iPhoneSimulator.Build.0 = Ad-Hoc|iPhoneSimulator
		{CBD22DFB-291A-4C94-AED3-F0E1CCE4DE6E}.Ad-Hoc|x64.ActiveCfg = Ad-Hoc|iPhone
		{CBD22DFB-291A-4C94-AED3-F0E1CCE4DE6E}.Ad-Hoc|x86.ActiveCfg = Ad-Hoc|iPhone
		{CBD22DFB-291A-4C94-AED3-F0E1CCE4DE6E}.AppStore|Any CPU.ActiveCfg = AppStore|iPhone
		{CBD22DFB-291A-4C94-AED3-F0E1CCE4DE6E}.AppStore|ARM.ActiveCfg = AppStore|iPhone
		{CBD22DFB-291A-4C94-AED3-F0E1CCE4DE6E}.AppStore|iPhone.ActiveCfg = AppStore|iPhone
		{CBD22DFB-291A-4C94-AED3-F0E1CCE4DE6E}.AppStore|iPhone.Build.0 = AppStore|iPhone
		{CBD22DFB-291A-4C94-AED3-F0E1CCE4DE6E}.AppStore|iPhoneSimulator.ActiveCfg = AppStore|iPhoneSimulator
		{CBD22DFB-291A-4C94-AED3-F0E1CCE4DE6E}.AppStore|iPhoneSimulator.Build.0 = AppStore|iPhoneSimulator
		{CBD22DFB-291A-4C94-AED3-F0E1CCE4DE6E}.AppStore|x64.ActiveCfg = AppStore|iPhone
		{CBD22DFB-291A-4C94-AED3-F0E1CCE4DE6E}.AppStore|x86.ActiveCfg = AppStore|iPhone
		{CBD22DFB-291A-4C94-AED3-F0E1CCE4DE6E}.Debug|Any CPU.ActiveCfg = Debug|iPhone
		{CBD22DFB-291A-4C94-AED3-F0E1CCE4DE6E}.Debug|ARM.ActiveCfg = Debug|iPhone
		{CBD22DFB-291A-4C94-AED3-F0E1CCE4DE6E}.Debug|iPhone.ActiveCfg = Debug|iPhone
		{CBD22DFB-291A-4C94-AED3-F0E1CCE4DE6E}.Debug|iPhone.Build.0 = Debug|iPhone
		{CBD22DFB-291A-4C94-AED3-F0E1CCE4DE6E}.Debug|iPhoneSimulator.ActiveCfg = Debug|iPhoneSimulator
		{CBD22DFB-291A-4C94-AED3-F0E1CCE4DE6E}.Debug|iPhoneSimulator.Build.0 = Debug|iPhoneSimulator
		{CBD22DFB-291A-4C94-AED3-F0E1CCE4DE6E}.Debug|x64.ActiveCfg = Debug|iPhone
		{CBD22DFB-291A-4C94-AED3-F0E1CCE4DE6E}.Debug|x86.ActiveCfg = Debug|iPhone
		{CBD22DFB-291A-4C94-AED3-F0E1CCE4DE6E}.Release|Any CPU.ActiveCfg = Release|iPhone
		{CBD22DFB-291A-4C94-AED3-F0E1CCE4DE6E}.Release|ARM.ActiveCfg = Release|iPhone
		{CBD22DFB-291A-4C94-AED3-F0E1CCE4DE6E}.Release|iPhone.ActiveCfg = Release|iPhone
		{CBD22DFB-291A-4C94-AED3-F0E1CCE4DE6E}.Release|iPhone.Build.0 = Release|iPhone
		{CBD22DFB-291A-4C94-AED3-F0E1CCE4DE6E}.Release|iPhoneSimulator.ActiveCfg = Release|iPhoneSimulator
		{CBD22DFB-291A-4C94-AED3-F0E1CCE4DE6E}.Release|iPhoneSimulator.Build.0 = Release|iPhoneSimulator
		{CBD22DFB-291A-4C94-AED3-F0E1CCE4DE6E}.Release|x64.ActiveCfg = Release|iPhone
		{CBD22DFB-291A-4C94-AED3-F0E1CCE4DE6E}.Release|x86.ActiveCfg = Release|iPhone
		{4CE3E410-F24E-4AE9-9F18-E3E5C409F866}.Ad-Hoc|Any CPU.ActiveCfg = Release|Any CPU
		{4CE3E410-F24E-4AE9-9F18-E3E5C409F866}.Ad-Hoc|Any CPU.Build.0 = Release|Any CPU
		{4CE3E410-F24E-4AE9-9F18-E3E5C409F866}.Ad-Hoc|Any CPU.Deploy.0 = Release|Any CPU
		{4CE3E410-F24E-4AE9-9F18-E3E5C409F866}.Ad-Hoc|ARM.ActiveCfg = Release|ARM
		{4CE3E410-F24E-4AE9-9F18-E3E5C409F866}.Ad-Hoc|ARM.Build.0 = Release|ARM
		{4CE3E410-F24E-4AE9-9F18-E3E5C409F866}.Ad-Hoc|ARM.Deploy.0 = Release|ARM
		{4CE3E410-F24E-4AE9-9F18-E3E5C409F866}.Ad-Hoc|iPhone.ActiveCfg = Release|Any CPU
		{4CE3E410-F24E-4AE9-9F18-E3E5C409F866}.Ad-Hoc|iPhone.Build.0 = Release|Any CPU
		{4CE3E410-F24E-4AE9-9F18-E3E5C409F866}.Ad-Hoc|iPhone.Deploy.0 = Release|Any CPU
		{4CE3E410-F24E-4AE9-9F18-E3E5C409F866}.Ad-Hoc|iPhoneSimulator.ActiveCfg = Release|Any CPU
		{4CE3E410-F24E-4AE9-9F18-E3E5C409F866}.Ad-Hoc|iPhoneSimulator.Build.0 = Release|Any CPU
		{4CE3E410-F24E-4AE9-9F18-E3E5C409F866}.Ad-Hoc|iPhoneSimulator.Deploy.0 = Release|Any CPU
		{4CE3E410-F24E-4AE9-9F18-E3E5C409F866}.Ad-Hoc|x64.ActiveCfg = Release|Any CPU
		{4CE3E410-F24E-4AE9-9F18-E3E5C409F866}.Ad-Hoc|x64.Build.0 = Release|Any CPU
		{4CE3E410-F24E-4AE9-9F18-E3E5C409F866}.Ad-Hoc|x64.Deploy.0 = Release|Any CPU
		{4CE3E410-F24E-4AE9-9F18-E3E5C409F866}.Ad-Hoc|x86.ActiveCfg = Release|x86
		{4CE3E410-F24E-4AE9-9F18-E3E5C409F866}.Ad-Hoc|x86.Build.0 = Release|x86
		{4CE3E410-F24E-4AE9-9F18-E3E5C409F866}.Ad-Hoc|x86.Deploy.0 = Release|x86
		{4CE3E410-F24E-4AE9-9F18-E3E5C409F866}.AppStore|Any CPU.ActiveCfg = Release|Any CPU
		{4CE3E410-F24E-4AE9-9F18-E3E5C409F866}.AppStore|Any CPU.Build.0 = Release|Any CPU
		{4CE3E410-F24E-4AE9-9F18-E3E5C409F866}.AppStore|Any CPU.Deploy.0 = Release|Any CPU
		{4CE3E410-F24E-4AE9-9F18-E3E5C409F866}.AppStore|ARM.ActiveCfg = Release|ARM
		{4CE3E410-F24E-4AE9-9F18-E3E5C409F866}.AppStore|ARM.Build.0 = Release|ARM
		{4CE3E410-F24E-4AE9-9F18-E3E5C409F866}.AppStore|ARM.Deploy.0 = Release|ARM
		{4CE3E410-F24E-4AE9-9F18-E3E5C409F866}.AppStore|iPhone.ActiveCfg = Release|Any CPU
		{4CE3E410-F24E-4AE9-9F18-E3E5C409F866}.AppStore|iPhone.Build.0 = Release|Any CPU
		{4CE3E410-F24E-4AE9-9F18-E3E5C409F866}.AppStore|iPhone.Deploy.0 = Release|Any CPU
		{4CE3E410-F24E-4AE9-9F18-E3E5C409F866}.AppStore|iPhoneSimulator.ActiveCfg = Release|Any CPU
		{4CE3E410-F24E-4AE9-9F18-E3E5C409F866}.AppStore|iPhoneSimulator.Build.0 = Release|Any CPU
		{4CE3E410-F24E-4AE9-9F18-E3E5C409F866}.AppStore|iPhoneSimulator.Deploy.0 = Release|Any CPU
		{4CE3E410-F24E-4AE9-9F18-E3E5C409F866}.AppStore|x64.ActiveCfg = Release|Any CPU
		{4CE3E410-F24E-4AE9-9F18-E3E5C409F866}.AppStore|x64.Build.0 = Release|Any CPU
		{4CE3E410-F24E-4AE9-9F18-E3E5C409F866}.AppStore|x64.Deploy.0 = Release|Any CPU
		{4CE3E410-F24E-4AE9-9F18-E3E5C409F866}.AppStore|x86.ActiveCfg = Release|x86
		{4CE3E410-F24E-4AE9-9F18-E3E5C409F866}.AppStore|x86.Build.0 = Release|x86
		{4CE3E410-F24E-4AE9-9F18-E3E5C409F866}.AppStore|x86.Deploy.0 = Release|x86
		{4CE3E410-F24E-4AE9-9F18-E3E5C409F866}.Debug|Any CPU.ActiveCfg = Debug|Any CPU
		{4CE3E410-F24E-4AE9-9F18-E3E5C409F866}.Debug|Any CPU.Build.0 = Debug|Any CPU
		{4CE3E410-F24E-4AE9-9F18-E3E5C409F866}.Debug|Any CPU.Deploy.0 = Debug|Any CPU
		{4CE3E410-F24E-4AE9-9F18-E3E5C409F866}.Debug|ARM.ActiveCfg = Debug|ARM
		{4CE3E410-F24E-4AE9-9F18-E3E5C409F866}.Debug|ARM.Build.0 = Debug|ARM
		{4CE3E410-F24E-4AE9-9F18-E3E5C409F866}.Debug|ARM.Deploy.0 = Debug|ARM
		{4CE3E410-F24E-4AE9-9F18-E3E5C409F866}.Debug|iPhone.ActiveCfg = Debug|Any CPU
		{4CE3E410-F24E-4AE9-9F18-E3E5C409F866}.Debug|iPhone.Build.0 = Debug|Any CPU
		{4CE3E410-F24E-4AE9-9F18-E3E5C409F866}.Debug|iPhone.Deploy.0 = Debug|Any CPU
		{4CE3E410-F24E-4AE9-9F18-E3E5C409F866}.Debug|iPhoneSimulator.ActiveCfg = Debug|Any CPU
		{4CE3E410-F24E-4AE9-9F18-E3E5C409F866}.Debug|iPhoneSimulator.Build.0 = Debug|Any CPU
		{4CE3E410-F24E-4AE9-9F18-E3E5C409F866}.Debug|iPhoneSimulator.Deploy.0 = Debug|Any CPU
		{4CE3E410-F24E-4AE9-9F18-E3E5C409F866}.Debug|x64.ActiveCfg = Debug|Any CPU
		{4CE3E410-F24E-4AE9-9F18-E3E5C409F866}.Debug|x64.Build.0 = Debug|Any CPU
		{4CE3E410-F24E-4AE9-9F18-E3E5C409F866}.Debug|x64.Deploy.0 = Debug|Any CPU
		{4CE3E410-F24E-4AE9-9F18-E3E5C409F866}.Debug|x86.ActiveCfg = Debug|x86
		{4CE3E410-F24E-4AE9-9F18-E3E5C409F866}.Debug|x86.Build.0 = Debug|x86
		{4CE3E410-F24E-4AE9-9F18-E3E5C409F866}.Debug|x86.Deploy.0 = Debug|x86
		{4CE3E410-F24E-4AE9-9F18-E3E5C409F866}.Release|Any CPU.ActiveCfg = Release|Any CPU
		{4CE3E410-F24E-4AE9-9F18-E3E5C409F866}.Release|Any CPU.Build.0 = Release|Any CPU
		{4CE3E410-F24E-4AE9-9F18-E3E5C409F866}.Release|Any CPU.Deploy.0 = Release|Any CPU
		{4CE3E410-F24E-4AE9-9F18-E3E5C409F866}.Release|ARM.ActiveCfg = Release|ARM
		{4CE3E410-F24E-4AE9-9F18-E3E5C409F866}.Release|ARM.Build.0 = Release|ARM
		{4CE3E410-F24E-4AE9-9F18-E3E5C409F866}.Release|ARM.Deploy.0 = Release|ARM
		{4CE3E410-F24E-4AE9-9F18-E3E5C409F866}.Release|iPhone.ActiveCfg = Release|Any CPU
		{4CE3E410-F24E-4AE9-9F18-E3E5C409F866}.Release|iPhone.Build.0 = Release|Any CPU
		{4CE3E410-F24E-4AE9-9F18-E3E5C409F866}.Release|iPhone.Deploy.0 = Release|Any CPU
		{4CE3E410-F24E-4AE9-9F18-E3E5C409F866}.Release|iPhoneSimulator.ActiveCfg = Release|Any CPU
		{4CE3E410-F24E-4AE9-9F18-E3E5C409F866}.Release|iPhoneSimulator.Build.0 = Release|Any CPU
		{4CE3E410-F24E-4AE9-9F18-E3E5C409F866}.Release|iPhoneSimulator.Deploy.0 = Release|Any CPU
		{4CE3E410-F24E-4AE9-9F18-E3E5C409F866}.Release|x64.ActiveCfg = Release|Any CPU
		{4CE3E410-F24E-4AE9-9F18-E3E5C409F866}.Release|x64.Build.0 = Release|Any CPU
		{4CE3E410-F24E-4AE9-9F18-E3E5C409F866}.Release|x64.Deploy.0 = Release|Any CPU
		{4CE3E410-F24E-4AE9-9F18-E3E5C409F866}.Release|x86.ActiveCfg = Release|x86
		{4CE3E410-F24E-4AE9-9F18-E3E5C409F866}.Release|x86.Build.0 = Release|x86
		{4CE3E410-F24E-4AE9-9F18-E3E5C409F866}.Release|x86.Deploy.0 = Release|x86
		{C9848FAE-EF6C-491C-BAB4-BF8861688DBE}.Ad-Hoc|Any CPU.ActiveCfg = Release|x86
		{C9848FAE-EF6C-491C-BAB4-BF8861688DBE}.Ad-Hoc|Any CPU.Build.0 = Release|x86
		{C9848FAE-EF6C-491C-BAB4-BF8861688DBE}.Ad-Hoc|Any CPU.Deploy.0 = Release|x86
		{C9848FAE-EF6C-491C-BAB4-BF8861688DBE}.Ad-Hoc|ARM.ActiveCfg = Release|ARM
		{C9848FAE-EF6C-491C-BAB4-BF8861688DBE}.Ad-Hoc|ARM.Build.0 = Release|ARM
		{C9848FAE-EF6C-491C-BAB4-BF8861688DBE}.Ad-Hoc|ARM.Deploy.0 = Release|ARM
		{C9848FAE-EF6C-491C-BAB4-BF8861688DBE}.Ad-Hoc|iPhone.ActiveCfg = Release|x86
		{C9848FAE-EF6C-491C-BAB4-BF8861688DBE}.Ad-Hoc|iPhone.Build.0 = Release|x86
		{C9848FAE-EF6C-491C-BAB4-BF8861688DBE}.Ad-Hoc|iPhone.Deploy.0 = Release|x86
		{C9848FAE-EF6C-491C-BAB4-BF8861688DBE}.Ad-Hoc|iPhoneSimulator.ActiveCfg = Release|x86
		{C9848FAE-EF6C-491C-BAB4-BF8861688DBE}.Ad-Hoc|iPhoneSimulator.Build.0 = Release|x86
		{C9848FAE-EF6C-491C-BAB4-BF8861688DBE}.Ad-Hoc|iPhoneSimulator.Deploy.0 = Release|x86
		{C9848FAE-EF6C-491C-BAB4-BF8861688DBE}.Ad-Hoc|x64.ActiveCfg = Release|x64
		{C9848FAE-EF6C-491C-BAB4-BF8861688DBE}.Ad-Hoc|x64.Build.0 = Release|x64
		{C9848FAE-EF6C-491C-BAB4-BF8861688DBE}.Ad-Hoc|x64.Deploy.0 = Release|x64
		{C9848FAE-EF6C-491C-BAB4-BF8861688DBE}.Ad-Hoc|x86.ActiveCfg = Release|x86
		{C9848FAE-EF6C-491C-BAB4-BF8861688DBE}.Ad-Hoc|x86.Build.0 = Release|x86
		{C9848FAE-EF6C-491C-BAB4-BF8861688DBE}.Ad-Hoc|x86.Deploy.0 = Release|x86
		{C9848FAE-EF6C-491C-BAB4-BF8861688DBE}.AppStore|Any CPU.ActiveCfg = Release|x86
		{C9848FAE-EF6C-491C-BAB4-BF8861688DBE}.AppStore|Any CPU.Build.0 = Release|x86
		{C9848FAE-EF6C-491C-BAB4-BF8861688DBE}.AppStore|Any CPU.Deploy.0 = Release|x86
		{C9848FAE-EF6C-491C-BAB4-BF8861688DBE}.AppStore|ARM.ActiveCfg = Release|ARM
		{C9848FAE-EF6C-491C-BAB4-BF8861688DBE}.AppStore|ARM.Build.0 = Release|ARM
		{C9848FAE-EF6C-491C-BAB4-BF8861688DBE}.AppStore|ARM.Deploy.0 = Release|ARM
		{C9848FAE-EF6C-491C-BAB4-BF8861688DBE}.AppStore|iPhone.ActiveCfg = Release|x86
		{C9848FAE-EF6C-491C-BAB4-BF8861688DBE}.AppStore|iPhone.Build.0 = Release|x86
		{C9848FAE-EF6C-491C-BAB4-BF8861688DBE}.AppStore|iPhone.Deploy.0 = Release|x86
		{C9848FAE-EF6C-491C-BAB4-BF8861688DBE}.AppStore|iPhoneSimulator.ActiveCfg = Release|x86
		{C9848FAE-EF6C-491C-BAB4-BF8861688DBE}.AppStore|iPhoneSimulator.Build.0 = Release|x86
		{C9848FAE-EF6C-491C-BAB4-BF8861688DBE}.AppStore|iPhoneSimulator.Deploy.0 = Release|x86
		{C9848FAE-EF6C-491C-BAB4-BF8861688DBE}.AppStore|x64.ActiveCfg = Release|x64
		{C9848FAE-EF6C-491C-BAB4-BF8861688DBE}.AppStore|x64.Build.0 = Release|x64
		{C9848FAE-EF6C-491C-BAB4-BF8861688DBE}.AppStore|x64.Deploy.0 = Release|x64
		{C9848FAE-EF6C-491C-BAB4-BF8861688DBE}.AppStore|x86.ActiveCfg = Release|x86
		{C9848FAE-EF6C-491C-BAB4-BF8861688DBE}.AppStore|x86.Build.0 = Release|x86
		{C9848FAE-EF6C-491C-BAB4-BF8861688DBE}.AppStore|x86.Deploy.0 = Release|x86
		{C9848FAE-EF6C-491C-BAB4-BF8861688DBE}.Debug|Any CPU.ActiveCfg = Debug|x86
		{C9848FAE-EF6C-491C-BAB4-BF8861688DBE}.Debug|ARM.ActiveCfg = Debug|ARM
		{C9848FAE-EF6C-491C-BAB4-BF8861688DBE}.Debug|ARM.Build.0 = Debug|ARM
		{C9848FAE-EF6C-491C-BAB4-BF8861688DBE}.Debug|ARM.Deploy.0 = Debug|ARM
		{C9848FAE-EF6C-491C-BAB4-BF8861688DBE}.Debug|iPhone.ActiveCfg = Debug|x86
		{C9848FAE-EF6C-491C-BAB4-BF8861688DBE}.Debug|iPhoneSimulator.ActiveCfg = Debug|x86
		{C9848FAE-EF6C-491C-BAB4-BF8861688DBE}.Debug|x64.ActiveCfg = Debug|x64
		{C9848FAE-EF6C-491C-BAB4-BF8861688DBE}.Debug|x64.Build.0 = Debug|x64
		{C9848FAE-EF6C-491C-BAB4-BF8861688DBE}.Debug|x64.Deploy.0 = Debug|x64
		{C9848FAE-EF6C-491C-BAB4-BF8861688DBE}.Debug|x86.ActiveCfg = Debug|x86
		{C9848FAE-EF6C-491C-BAB4-BF8861688DBE}.Debug|x86.Build.0 = Debug|x86
		{C9848FAE-EF6C-491C-BAB4-BF8861688DBE}.Debug|x86.Deploy.0 = Debug|x86
		{C9848FAE-EF6C-491C-BAB4-BF8861688DBE}.Release|Any CPU.ActiveCfg = Release|x86
		{C9848FAE-EF6C-491C-BAB4-BF8861688DBE}.Release|ARM.ActiveCfg = Release|ARM
		{C9848FAE-EF6C-491C-BAB4-BF8861688DBE}.Release|ARM.Build.0 = Release|ARM
		{C9848FAE-EF6C-491C-BAB4-BF8861688DBE}.Release|ARM.Deploy.0 = Release|ARM
		{C9848FAE-EF6C-491C-BAB4-BF8861688DBE}.Release|iPhone.ActiveCfg = Release|x86
		{C9848FAE-EF6C-491C-BAB4-BF8861688DBE}.Release|iPhoneSimulator.ActiveCfg = Release|x86
		{C9848FAE-EF6C-491C-BAB4-BF8861688DBE}.Release|x64.ActiveCfg = Release|x64
		{C9848FAE-EF6C-491C-BAB4-BF8861688DBE}.Release|x64.Build.0 = Release|x64
		{C9848FAE-EF6C-491C-BAB4-BF8861688DBE}.Release|x64.Deploy.0 = Release|x64
		{C9848FAE-EF6C-491C-BAB4-BF8861688DBE}.Release|x86.ActiveCfg = Release|x86
		{C9848FAE-EF6C-491C-BAB4-BF8861688DBE}.Release|x86.Build.0 = Release|x86
		{C9848FAE-EF6C-491C-BAB4-BF8861688DBE}.Release|x86.Deploy.0 = Release|x86
		{34AA6652-BFC7-4C0F-81D3-BA46A0E12343}.Ad-Hoc|Any CPU.ActiveCfg = Release|Any CPU
		{34AA6652-BFC7-4C0F-81D3-BA46A0E12343}.Ad-Hoc|Any CPU.Build.0 = Release|Any CPU
		{34AA6652-BFC7-4C0F-81D3-BA46A0E12343}.Ad-Hoc|Any CPU.Deploy.0 = Release|Any CPU
		{34AA6652-BFC7-4C0F-81D3-BA46A0E12343}.Ad-Hoc|ARM.ActiveCfg = Release|ARM
		{34AA6652-BFC7-4C0F-81D3-BA46A0E12343}.Ad-Hoc|ARM.Build.0 = Release|ARM
		{34AA6652-BFC7-4C0F-81D3-BA46A0E12343}.Ad-Hoc|ARM.Deploy.0 = Release|ARM
		{34AA6652-BFC7-4C0F-81D3-BA46A0E12343}.Ad-Hoc|iPhone.ActiveCfg = Release|Any CPU
		{34AA6652-BFC7-4C0F-81D3-BA46A0E12343}.Ad-Hoc|iPhone.Build.0 = Release|Any CPU
		{34AA6652-BFC7-4C0F-81D3-BA46A0E12343}.Ad-Hoc|iPhone.Deploy.0 = Release|Any CPU
		{34AA6652-BFC7-4C0F-81D3-BA46A0E12343}.Ad-Hoc|iPhoneSimulator.ActiveCfg = Release|Any CPU
		{34AA6652-BFC7-4C0F-81D3-BA46A0E12343}.Ad-Hoc|iPhoneSimulator.Build.0 = Release|Any CPU
		{34AA6652-BFC7-4C0F-81D3-BA46A0E12343}.Ad-Hoc|iPhoneSimulator.Deploy.0 = Release|Any CPU
		{34AA6652-BFC7-4C0F-81D3-BA46A0E12343}.Ad-Hoc|x64.ActiveCfg = Release|x64
		{34AA6652-BFC7-4C0F-81D3-BA46A0E12343}.Ad-Hoc|x64.Build.0 = Release|x64
		{34AA6652-BFC7-4C0F-81D3-BA46A0E12343}.Ad-Hoc|x64.Deploy.0 = Release|x64
		{34AA6652-BFC7-4C0F-81D3-BA46A0E12343}.Ad-Hoc|x86.ActiveCfg = Release|x86
		{34AA6652-BFC7-4C0F-81D3-BA46A0E12343}.Ad-Hoc|x86.Build.0 = Release|x86
		{34AA6652-BFC7-4C0F-81D3-BA46A0E12343}.Ad-Hoc|x86.Deploy.0 = Release|x86
		{34AA6652-BFC7-4C0F-81D3-BA46A0E12343}.AppStore|Any CPU.ActiveCfg = Release|Any CPU
		{34AA6652-BFC7-4C0F-81D3-BA46A0E12343}.AppStore|Any CPU.Build.0 = Release|Any CPU
		{34AA6652-BFC7-4C0F-81D3-BA46A0E12343}.AppStore|Any CPU.Deploy.0 = Release|Any CPU
		{34AA6652-BFC7-4C0F-81D3-BA46A0E12343}.AppStore|ARM.ActiveCfg = Release|ARM
		{34AA6652-BFC7-4C0F-81D3-BA46A0E12343}.AppStore|ARM.Build.0 = Release|ARM
		{34AA6652-BFC7-4C0F-81D3-BA46A0E12343}.AppStore|ARM.Deploy.0 = Release|ARM
		{34AA6652-BFC7-4C0F-81D3-BA46A0E12343}.AppStore|iPhone.ActiveCfg = Release|Any CPU
		{34AA6652-BFC7-4C0F-81D3-BA46A0E12343}.AppStore|iPhone.Build.0 = Release|Any CPU
		{34AA6652-BFC7-4C0F-81D3-BA46A0E12343}.AppStore|iPhone.Deploy.0 = Release|Any CPU
		{34AA6652-BFC7-4C0F-81D3-BA46A0E12343}.AppStore|iPhoneSimulator.ActiveCfg = Release|Any CPU
		{34AA6652-BFC7-4C0F-81D3-BA46A0E12343}.AppStore|iPhoneSimulator.Build.0 = Release|Any CPU
		{34AA6652-BFC7-4C0F-81D3-BA46A0E12343}.AppStore|iPhoneSimulator.Deploy.0 = Release|Any CPU
		{34AA6652-BFC7-4C0F-81D3-BA46A0E12343}.AppStore|x64.ActiveCfg = Release|x64
		{34AA6652-BFC7-4C0F-81D3-BA46A0E12343}.AppStore|x64.Build.0 = Release|x64
		{34AA6652-BFC7-4C0F-81D3-BA46A0E12343}.AppStore|x64.Deploy.0 = Release|x64
		{34AA6652-BFC7-4C0F-81D3-BA46A0E12343}.AppStore|x86.ActiveCfg = Release|x86
		{34AA6652-BFC7-4C0F-81D3-BA46A0E12343}.AppStore|x86.Build.0 = Release|x86
		{34AA6652-BFC7-4C0F-81D3-BA46A0E12343}.AppStore|x86.Deploy.0 = Release|x86
		{34AA6652-BFC7-4C0F-81D3-BA46A0E12343}.Debug|Any CPU.ActiveCfg = Debug|Any CPU
		{34AA6652-BFC7-4C0F-81D3-BA46A0E12343}.Debug|Any CPU.Build.0 = Debug|Any CPU
		{34AA6652-BFC7-4C0F-81D3-BA46A0E12343}.Debug|Any CPU.Deploy.0 = Debug|Any CPU
		{34AA6652-BFC7-4C0F-81D3-BA46A0E12343}.Debug|ARM.ActiveCfg = Debug|ARM
		{34AA6652-BFC7-4C0F-81D3-BA46A0E12343}.Debug|ARM.Build.0 = Debug|ARM
		{34AA6652-BFC7-4C0F-81D3-BA46A0E12343}.Debug|ARM.Deploy.0 = Debug|ARM
		{34AA6652-BFC7-4C0F-81D3-BA46A0E12343}.Debug|iPhone.ActiveCfg = Debug|Any CPU
		{34AA6652-BFC7-4C0F-81D3-BA46A0E12343}.Debug|iPhone.Build.0 = Debug|Any CPU
		{34AA6652-BFC7-4C0F-81D3-BA46A0E12343}.Debug|iPhone.Deploy.0 = Debug|Any CPU
		{34AA6652-BFC7-4C0F-81D3-BA46A0E12343}.Debug|iPhoneSimulator.ActiveCfg = Debug|Any CPU
		{34AA6652-BFC7-4C0F-81D3-BA46A0E12343}.Debug|iPhoneSimulator.Build.0 = Debug|Any CPU
		{34AA6652-BFC7-4C0F-81D3-BA46A0E12343}.Debug|iPhoneSimulator.Deploy.0 = Debug|Any CPU
		{34AA6652-BFC7-4C0F-81D3-BA46A0E12343}.Debug|x64.ActiveCfg = Debug|x64
		{34AA6652-BFC7-4C0F-81D3-BA46A0E12343}.Debug|x64.Build.0 = Debug|x64
		{34AA6652-BFC7-4C0F-81D3-BA46A0E12343}.Debug|x64.Deploy.0 = Debug|x64
		{34AA6652-BFC7-4C0F-81D3-BA46A0E12343}.Debug|x86.ActiveCfg = Debug|x86
		{34AA6652-BFC7-4C0F-81D3-BA46A0E12343}.Debug|x86.Build.0 = Debug|x86
		{34AA6652-BFC7-4C0F-81D3-BA46A0E12343}.Debug|x86.Deploy.0 = Debug|x86
		{34AA6652-BFC7-4C0F-81D3-BA46A0E12343}.Release|Any CPU.ActiveCfg = Release|Any CPU
		{34AA6652-BFC7-4C0F-81D3-BA46A0E12343}.Release|Any CPU.Build.0 = Release|Any CPU
		{34AA6652-BFC7-4C0F-81D3-BA46A0E12343}.Release|Any CPU.Deploy.0 = Release|Any CPU
		{34AA6652-BFC7-4C0F-81D3-BA46A0E12343}.Release|ARM.ActiveCfg = Release|ARM
		{34AA6652-BFC7-4C0F-81D3-BA46A0E12343}.Release|ARM.Build.0 = Release|ARM
		{34AA6652-BFC7-4C0F-81D3-BA46A0E12343}.Release|ARM.Deploy.0 = Release|ARM
		{34AA6652-BFC7-4C0F-81D3-BA46A0E12343}.Release|iPhone.ActiveCfg = Release|Any CPU
		{34AA6652-BFC7-4C0F-81D3-BA46A0E12343}.Release|iPhone.Build.0 = Release|Any CPU
		{34AA6652-BFC7-4C0F-81D3-BA46A0E12343}.Release|iPhone.Deploy.0 = Release|Any CPU
		{34AA6652-BFC7-4C0F-81D3-BA46A0E12343}.Release|iPhoneSimulator.ActiveCfg = Release|Any CPU
		{34AA6652-BFC7-4C0F-81D3-BA46A0E12343}.Release|iPhoneSimulator.Build.0 = Release|Any CPU
		{34AA6652-BFC7-4C0F-81D3-BA46A0E12343}.Release|iPhoneSimulator.Deploy.0 = Release|Any CPU
		{34AA6652-BFC7-4C0F-81D3-BA46A0E12343}.Release|x64.ActiveCfg = Release|x64
		{34AA6652-BFC7-4C0F-81D3-BA46A0E12343}.Release|x64.Build.0 = Release|x64
		{34AA6652-BFC7-4C0F-81D3-BA46A0E12343}.Release|x64.Deploy.0 = Release|x64
		{34AA6652-BFC7-4C0F-81D3-BA46A0E12343}.Release|x86.ActiveCfg = Release|x86
		{34AA6652-BFC7-4C0F-81D3-BA46A0E12343}.Release|x86.Build.0 = Release|x86
		{34AA6652-BFC7-4C0F-81D3-BA46A0E12343}.Release|x86.Deploy.0 = Release|x86
	EndGlobalSection
	GlobalSection(SolutionProperties) = preSolution
		HideSolutionNode = FALSE
	EndGlobalSection
EndGlobal
